{
  "nodes": {
    "flake-utils": {
      "inputs": {
        "systems": "systems"
      },
      "locked": {
        "lastModified": 1731533236,
        "narHash": "sha256-l0KFg5HjrsfsO/JpG+r7fRrqm12kzFHyUHqHCVpMMbI=",
        "owner": "numtide",
        "repo": "flake-utils",
        "rev": "11707dc2f618dd54ca8739b309ec4fc024de578b",
        "type": "github"
      },
      "original": {
        "owner": "numtide",
        "repo": "flake-utils",
        "type": "github"
      }
    },
    "nixpkgs": {
      "locked": {
        "lastModified": 1767799921,
        "narHash": "sha256-r4GVX+FToWVE2My8VVZH4V0pTIpnu2ZE8/Z4uxGEMBE=",
        "owner": "NixOS",
        "repo": "nixpkgs",
        "rev": "d351d0653aeb7877273920cd3e823994e7579b0b",
        "type": "github"
      },
      "original": {
        "owner": "NixOS",
        "ref": "nixos-25.11",
        "repo": "nixpkgs",
        "type": "github"
      }
    },
    "nixpkgs_2": {
      "locked": {
        "lastModified": 1764635402,
        "narHash": "sha256-6rYcajRLe2C5ZYnV1HYskJl+QAkhvseWTzbdQiTN9OI=",
        "owner": "nixos",
        "repo": "nixpkgs",
        "rev": "5f53b0d46d320352684242d000b36dcfbbf7b0bc",
        "type": "github"
      },
      "original": {
        "owner": "nixos",
        "repo": "nixpkgs",
        "type": "github"
      }
    },
    "repo-sessions": {
      "inputs": {
        "nixpkgs": [
          "nixpkgs"
        ]
      },
      "locked": {
        "lastModified": 1767775301,
        "narHash": "sha256-w9B56o709qz8pqQVewFuy1JrfpcJliUOfzlPXCc0m2w=",
        "path": "/home/nixos/repos/repo-sessions",
        "type": "path"
      },
      "original": {
        "path": "/home/nixos/repos/repo-sessions",
        "type": "path"
      }
    },
    "root": {
      "inputs": {
        "nixpkgs": "nixpkgs",
        "repo-sessions": "repo-sessions",
        "zmx": "zmx"
      }
    },
    "systems": {
      "locked": {
        "lastModified": 1681028828,
        "narHash": "sha256-Vy1rq5AaRuLzOxct8nz4T6wlgyUR7zLU309k9mBC768=",
        "owner": "nix-systems",
        "repo": "default",
        "rev": "da67096a3b9bf56a91d16901293e51ba5b49a27e",
        "type": "github"
      },
      "original": {
        "owner": "nix-systems",
        "repo": "default",
        "type": "github"
      }
    },
    "zig2nix": {
      "inputs": {
        "flake-utils": "flake-utils",
        "nixpkgs": "nixpkgs_2"
      },
      "locked": {
        "lastModified": 1764678235,
        "narHash": "sha256-NNQWR3DAufaH7fs6ZplfAv1xPHEc0Ne3Z0v4MNHCqSw=",
        "owner": "Cloudef",
        "repo": "zig2nix",
        "rev": "8b6ec85bccdf6b91ded19e9ef671205937e271e6",
        "type": "github"
      },
      "original": {
        "owner": "Cloudef",
        "repo": "zig2nix",
        "type": "github"
      }
    },
    "zmx": {
      "inputs": {
        "zig2nix": "zig2nix"
      },
      "locked": {
        "lastModified": 1767576664,
        "narHash": "sha256-RJzNkagb/Wv7ZPmMXBk7IpWLbR1qPaoTYfxjfotp5bY=",
        "owner": "neurosnap",
        "repo": "zmx",
        "rev": "16d66af23d66b5d060d16f817debbfd545e0dd0e",
        "type": "github"
      },
      "original": {
        "owner": "neurosnap",
        "repo": "zmx",
        "rev": "16d66af23d66b5d060d16f817debbfd545e0dd0e",
        "type": "github"
      }
    }
  },
  "root": "root",
  "version": 7
}
